
Microsoft Visual Studio Solution File, Format Version 12.00
# Visual Studio Version 17
VisualStudioVersion = 17.0.31903.59
MinimumVisualStudioVersion = 10.0.40219.1
Project("{8BC9CEB8-8B4A-11D0-8D11-00A0C91BC942}") = "ffuext", "ffuext\ffuext.vcxproj", "{A1B2C3D4-E5F6-7890-ABCD-EF1234567890}"
EndProject
Project("{FAE04EC0-301F-11D3-BF4B-00C04F79EFBC}") = "wcosstagetool", "wcosstagetool\wcosstagetool.csproj", "{B2C3D4E5-F6A7-8901-BCDE-F12345678901}"
EndProject
Project("{8BC9CEB8-8B4A-11D0-8D11-00A0C91BC942}") = "wsktool", "wsktool\wsktool.vcxproj", "{C3D4E5F6-A7B8-9012-CDEF-123456789012}"
EndProject
Project("{FAE04EC0-301F-11D3-BF4B-00C04F79EFBC}") = "ffuexplorer", "ffuexplorer\ffuexplorer.csproj", "{AAE1BCB6-2BD1-4BFA-90BD-B136EB0561FE}"
EndProject
Project("{FAE04EC0-301F-11D3-BF4B-00C04F79EFBC}") = "ffuinfo", "ffuinfo\ffuinfo.csproj", "{30C8049B-554B-45BC-88C9-A575D6B57A7E}"
EndProject
Project("{FAE04EC0-301F-11D3-BF4B-00C04F79EFBC}") = "Img2Ffu.Library", "Img2Ffu.Library\Img2Ffu.Library.csproj", "{0E65F9DA-A86A-4BF6-9C0B-B67878DB6817}"
EndProject
Project("{FAE04EC0-301F-11D3-BF4B-00C04F79EFBC}") = "Img2Ffu.Library.Compression.Windows", "Img2Ffu.Library.Compression.Windows\Img2Ffu.Library.Compression.Windows.csproj", "{2CCFF80B-F802-4DBE-AE17-B4B8E439907C}"
EndProject
Project("{FAE04EC0-301F-11D3-BF4B-00C04F79EFBC}") = "StorageSpace", "StorageSpace\StorageSpace.csproj", "{7E3C13FF-396E-46B4-8EF2-DA699F0987D0}"
EndProject
Project("{FAE04EC0-301F-11D3-BF4B-00C04F79EFBC}") = "exttools", "exttools\exttools.csproj", "{6C0EAAAF-E4E4-4DEF-AC3A-0942AC89C259}"
EndProject
Project("{FAE04EC0-301F-11D3-BF4B-00C04F79EFBC}") = "MobilePackageGen.Common", "MobilePackageGen.Common\MobilePackageGen.Common.csproj", "{723B3972-CE85-4FDA-9310-0D912BD11725}"
EndProject
Project("{FAE04EC0-301F-11D3-BF4B-00C04F79EFBC}") = "MobilePackageGen.Adapters", "MobilePackageGen.Adapters\MobilePackageGen.Adapters.csproj", "{4E1A3B77-95F5-456E-B9B5-294A7DEC2079}"
EndProject
Project("{2150E333-8FDC-42A3-9474-1A3956D46DE8}") = "MobilePackageGen.CLI", "MobilePackageGen.CLI", "{F5B17283-1A90-BB27-80ED-CD85235CDCEA}"
EndProject
Project("{FAE04EC0-301F-11D3-BF4B-00C04F79EFBC}") = "MobilePackageGen", "MobilePackageGen.CLI\MobilePackageGen.csproj", "{A6620E89-5360-4E2D-AC75-079E7BF56C6A}"
EndProject
Project("{FAE04EC0-301F-11D3-BF4B-00C04F79EFBC}") = "MobilePackageGen.GUI", "MobilePackageGen.GUI\MobilePackageGen.GUI.csproj", "{1715C8C7-19E3-4410-A093-3D58551F0436}"
EndProject
Project("{FAE04EC0-301F-11D3-BF4B-00C04F79EFBC}") = "Microsoft.Deployment.Compression", "Microsoft.Deployment.Compression\Microsoft.Deployment.Compression.csproj", "{B33DEE77-B077-4521-80C9-AE4565FF899E}"
EndProject
Project("{FAE04EC0-301F-11D3-BF4B-00C04F79EFBC}") = "Microsoft.Deployment.Compression.Cab", "Microsoft.Deployment.Compression.Cab\Microsoft.Deployment.Compression.Cab.csproj", "{BD1B3E94-9D94-43B2-9964-592DAE93DE70}"
EndProject
Project("{FAE04EC0-301F-11D3-BF4B-00C04F79EFBC}") = "LibSxS", "LibSxS\LibSxS.csproj", "{9184B7F8-069B-4086-ACD4-59DB5AD98F86}"
EndProject
Project("{FAE04EC0-301F-11D3-BF4B-00C04F79EFBC}") = "Archives.DiscUtils", "Archives.DiscUtils\Archives.DiscUtils.csproj", "{C71DED15-2635-455B-8160-06AE94279DD3}"
EndProject
Project("{FAE04EC0-301F-11D3-BF4B-00C04F79EFBC}") = "DotnetPackaging.Msix", "DotnetPackaging.Msix\DotnetPackaging.Msix.csproj", "{13638106-2339-4609-AF0D-59D82BF6433F}"
EndProject
Project("{FAE04EC0-301F-11D3-BF4B-00C04F79EFBC}") = "DeflateBlockCompressor", "DeflateBlockCompressor\DeflateBlockCompressor.csproj", "{5A51030B-EAF1-4E87-BBC0-DC1CCC870C28}"
EndProject
Project("{FAE04EC0-301F-11D3-BF4B-00C04F79EFBC}") = "dl2vhd", "dl2vhd\dl2vhd.csproj", "{D04880AC-682D-47E8-9417-2F2E4FCCA460}"
EndProject
Project("{FAE04EC0-301F-11D3-BF4B-00C04F79EFBC}") = "virtualdiskexplorer", "virtualdiskexplorer\virtualdiskexplorer.csproj", "{395D0E47-165F-466F-BB5C-5C8589A05D4A}"
EndProject
Project("{FAE04EC0-301F-11D3-BF4B-00C04F79EFBC}") = "wimexplorer", "wimexplorer\wimexplorer.csproj", "{C2CD4C42-7070-4B4F-A83B-13A58ECAA3BD}"
EndProject
Project("{9A19103F-16F7-4668-BE54-9A1E7A4F7556}") = "DeviceLayoutExplorer", "DeviceLayoutExplorer\DeviceLayoutExplorer.csproj", "{D04CC430-6DA3-4A6D-A527-E35D912C2C45}"
EndProject
Project("{9A19103F-16F7-4668-BE54-9A1E7A4F7556}") = "DeviceLayoutGeneratorV2", "DeviceLayoutGeneratorV2\DeviceLayoutGeneratorV2.csproj", "{CD7EDEB7-7F44-4008-9830-5C825523BA7C}"
EndProject
Project("{FAE04EC0-301F-11D3-BF4B-00C04F79EFBC}") = "IUSpacesHelper", "IUSpacesHelper\IUSpacesHelper.csproj", "{DD6CB8EF-5967-42D7-9B91-201A47F0002C}"
EndProject
Project("{FAE04EC0-301F-11D3-BF4B-00C04F79EFBC}") = "StoragePoolHelper", "StoragePoolHelper\StoragePoolHelper.csproj", "{7657FDA0-CBB3-4C88-91C4-0DFCF575323F}"
EndProject
Project("{2150E333-8FDC-42A3-9474-1A3956D46DE8}") = "Tests", "Tests", "{0AB3BF05-4346-4AA6-1389-037BE0695223}"
EndProject
Project("{FAE04EC0-301F-11D3-BF4B-00C04F79EFBC}") = "GptTest", "GptTest\GptTest.csproj", "{3D428689-A134-43E0-9F99-B0D4F1B6E60E}"
EndProject
Project("{FAE04EC0-301F-11D3-BF4B-00C04F79EFBC}") = "NativePoolTest", "NativePoolTest\NativePoolTest.csproj", "{C8EB6E5A-F99B-435F-8FFA-947E09E788F5}"
EndProject
Project("{FAE04EC0-301F-11D3-BF4B-00C04F79EFBC}") = "SimpleTest", "SimpleTest\SimpleTest.csproj", "{6A815EDE-E0EB-44B2-BA14-012280F88E88}"
EndProject
Global
	GlobalSection(SolutionConfigurationPlatforms) = preSolution
		Debug|ARM = Debug|ARM
		Debug|ARM64 = Debug|ARM64
		Debug|Win32 = Debug|Win32
		Debug|x64 = Debug|x64
		Debug|Any CPU = Debug|Any CPU
		Debug|x86 = Debug|x86
		Release|ARM = Release|ARM
		Release|ARM64 = Release|ARM64
		Release|Win32 = Release|Win32
		Release|x64 = Release|x64
		Release|Any CPU = Release|Any CPU
		Release|x86 = Release|x86
	EndGlobalSection
	GlobalSection(ProjectConfigurationPlatforms) = postSolution
		{A1B2C3D4-E5F6-7890-ABCD-EF1234567890}.Debug|ARM.ActiveCfg = Debug|ARM
		{A1B2C3D4-E5F6-7890-ABCD-EF1234567890}.Debug|ARM.Build.0 = Debug|ARM
		{A1B2C3D4-E5F6-7890-ABCD-EF1234567890}.Debug|ARM64.ActiveCfg = Debug|ARM64
		{A1B2C3D4-E5F6-7890-ABCD-EF1234567890}.Debug|ARM64.Build.0 = Debug|ARM64
		{A1B2C3D4-E5F6-7890-ABCD-EF1234567890}.Debug|Win32.ActiveCfg = Debug|Win32
		{A1B2C3D4-E5F6-7890-ABCD-EF1234567890}.Debug|Win32.Build.0 = Debug|Win32
		{A1B2C3D4-E5F6-7890-ABCD-EF1234567890}.Debug|x64.ActiveCfg = Debug|x64
		{A1B2C3D4-E5F6-7890-ABCD-EF1234567890}.Debug|x64.Build.0 = Debug|x64
		{A1B2C3D4-E5F6-7890-ABCD-EF1234567890}.Debug|Any CPU.ActiveCfg = Debug|x64
		{A1B2C3D4-E5F6-7890-ABCD-EF1234567890}.Debug|Any CPU.Build.0 = Debug|x64
		{A1B2C3D4-E5F6-7890-ABCD-EF1234567890}.Debug|x86.ActiveCfg = Debug|Win32
		{A1B2C3D4-E5F6-7890-ABCD-EF1234567890}.Debug|x86.Build.0 = Debug|Win32
		{A1B2C3D4-E5F6-7890-ABCD-EF1234567890}.Release|ARM.ActiveCfg = Release|ARM
		{A1B2C3D4-E5F6-7890-ABCD-EF1234567890}.Release|ARM.Build.0 = Release|ARM
		{A1B2C3D4-E5F6-7890-ABCD-EF1234567890}.Release|ARM64.ActiveCfg = Release|ARM64
		{A1B2C3D4-E5F6-7890-ABCD-EF1234567890}.Release|ARM64.Build.0 = Release|ARM64
		{A1B2C3D4-E5F6-7890-ABCD-EF1234567890}.Release|Win32.ActiveCfg = Release|Win32
		{A1B2C3D4-E5F6-7890-ABCD-EF1234567890}.Release|Win32.Build.0 = Release|Win32
		{A1B2C3D4-E5F6-7890-ABCD-EF1234567890}.Release|x64.ActiveCfg = Release|x64
		{A1B2C3D4-E5F6-7890-ABCD-EF1234567890}.Release|x64.Build.0 = Release|x64
		{A1B2C3D4-E5F6-7890-ABCD-EF1234567890}.Release|Any CPU.ActiveCfg = Release|x64
		{A1B2C3D4-E5F6-7890-ABCD-EF1234567890}.Release|Any CPU.Build.0 = Release|x64
		{A1B2C3D4-E5F6-7890-ABCD-EF1234567890}.Release|x86.ActiveCfg = Release|Win32
		{A1B2C3D4-E5F6-7890-ABCD-EF1234567890}.Release|x86.Build.0 = Release|Win32
		{B2C3D4E5-F6A7-8901-BCDE-F12345678901}.Debug|ARM.ActiveCfg = Debug|ARM
		{B2C3D4E5-F6A7-8901-BCDE-F12345678901}.Debug|ARM.Build.0 = Debug|ARM
		{B2C3D4E5-F6A7-8901-BCDE-F12345678901}.Debug|ARM64.ActiveCfg = Debug|ARM64
		{B2C3D4E5-F6A7-8901-BCDE-F12345678901}.Debug|ARM64.Build.0 = Debug|ARM64
		{B2C3D4E5-F6A7-8901-BCDE-F12345678901}.Debug|Win32.ActiveCfg = Debug|Win32
		{B2C3D4E5-F6A7-8901-BCDE-F12345678901}.Debug|Win32.Build.0 = Debug|Win32
		{B2C3D4E5-F6A7-8901-BCDE-F12345678901}.Debug|x64.ActiveCfg = Debug|x64
		{B2C3D4E5-F6A7-8901-BCDE-F12345678901}.Debug|x64.Build.0 = Debug|x64
		{B2C3D4E5-F6A7-8901-BCDE-F12345678901}.Debug|Any CPU.ActiveCfg = Debug|x64
		{B2C3D4E5-F6A7-8901-BCDE-F12345678901}.Debug|Any CPU.Build.0 = Debug|x64
		{B2C3D4E5-F6A7-8901-BCDE-F12345678901}.Debug|x86.ActiveCfg = Debug|Win32
		{B2C3D4E5-F6A7-8901-BCDE-F12345678901}.Debug|x86.Build.0 = Debug|Win32
		{B2C3D4E5-F6A7-8901-BCDE-F12345678901}.Release|ARM.ActiveCfg = Release|ARM
		{B2C3D4E5-F6A7-8901-BCDE-F12345678901}.Release|ARM.Build.0 = Release|ARM
		{B2C3D4E5-F6A7-8901-BCDE-F12345678901}.Release|ARM64.ActiveCfg = Release|ARM64
		{B2C3D4E5-F6A7-8901-BCDE-F12345678901}.Release|ARM64.Build.0 = Release|ARM64
		{B2C3D4E5-F6A7-8901-BCDE-F12345678901}.Release|Win32.ActiveCfg = Release|Win32
		{B2C3D4E5-F6A7-8901-BCDE-F12345678901}.Release|Win32.Build.0 = Release|Win32
		{B2C3D4E5-F6A7-8901-BCDE-F12345678901}.Release|x64.ActiveCfg = Release|x64
		{B2C3D4E5-F6A7-8901-BCDE-F12345678901}.Release|x64.Build.0 = Release|x64
		{B2C3D4E5-F6A7-8901-BCDE-F12345678901}.Release|Any CPU.ActiveCfg = Release|x64
		{B2C3D4E5-F6A7-8901-BCDE-F12345678901}.Release|Any CPU.Build.0 = Release|x64
		{B2C3D4E5-F6A7-8901-BCDE-F12345678901}.Release|x86.ActiveCfg = Release|Win32
		{B2C3D4E5-F6A7-8901-BCDE-F12345678901}.Release|x86.Build.0 = Release|Win32
		{C3D4E5F6-A7B8-9012-CDEF-123456789012}.Debug|ARM.ActiveCfg = Debug|ARM
		{C3D4E5F6-A7B8-9012-CDEF-123456789012}.Debug|ARM.Build.0 = Debug|ARM
		{C3D4E5F6-A7B8-9012-CDEF-123456789012}.Debug|ARM64.ActiveCfg = Debug|ARM64
		{C3D4E5F6-A7B8-9012-CDEF-123456789012}.Debug|ARM64.Build.0 = Debug|ARM64
		{C3D4E5F6-A7B8-9012-CDEF-123456789012}.Debug|Win32.ActiveCfg = Debug|Win32
		{C3D4E5F6-A7B8-9012-CDEF-123456789012}.Debug|Win32.Build.0 = Debug|Win32
		{C3D4E5F6-A7B8-9012-CDEF-123456789012}.Debug|x64.ActiveCfg = Debug|x64
		{C3D4E5F6-A7B8-9012-CDEF-123456789012}.Debug|x64.Build.0 = Debug|x64
		{C3D4E5F6-A7B8-9012-CDEF-123456789012}.Debug|Any CPU.ActiveCfg = Debug|x64
		{C3D4E5F6-A7B8-9012-CDEF-123456789012}.Debug|Any CPU.Build.0 = Debug|x64
		{C3D4E5F6-A7B8-9012-CDEF-123456789012}.Debug|x86.ActiveCfg = Debug|Win32
		{C3D4E5F6-A7B8-9012-CDEF-123456789012}.Debug|x86.Build.0 = Debug|Win32
		{C3D4E5F6-A7B8-9012-CDEF-123456789012}.Release|ARM.ActiveCfg = Release|ARM
		{C3D4E5F6-A7B8-9012-CDEF-123456789012}.Release|ARM.Build.0 = Release|ARM
		{C3D4E5F6-A7B8-9012-CDEF-123456789012}.Release|ARM64.ActiveCfg = Release|ARM64
		{C3D4E5F6-A7B8-9012-CDEF-123456789012}.Release|ARM64.Build.0 = Release|ARM64
		{C3D4E5F6-A7B8-9012-CDEF-123456789012}.Release|Win32.ActiveCfg = Release|Win32
		{C3D4E5F6-A7B8-9012-CDEF-123456789012}.Release|Win32.Build.0 = Release|Win32
		{C3D4E5F6-A7B8-9012-CDEF-123456789012}.Release|x64.ActiveCfg = Release|x64
		{C3D4E5F6-A7B8-9012-CDEF-123456789012}.Release|x64.Build.0 = Release|x64
		{C3D4E5F6-A7B8-9012-CDEF-123456789012}.Release|Any CPU.ActiveCfg = Release|x64
		{C3D4E5F6-A7B8-9012-CDEF-123456789012}.Release|Any CPU.Build.0 = Release|x64
		{C3D4E5F6-A7B8-9012-CDEF-123456789012}.Release|x86.ActiveCfg = Release|Win32
		{C3D4E5F6-A7B8-9012-CDEF-123456789012}.Release|x86.Build.0 = Release|Win32
		{AAE1BCB6-2BD1-4BFA-90BD-B136EB0561FE}.Debug|ARM.ActiveCfg = Debug|Any CPU
		{AAE1BCB6-2BD1-4BFA-90BD-B136EB0561FE}.Debug|ARM.Build.0 = Debug|Any CPU
		{AAE1BCB6-2BD1-4BFA-90BD-B136EB0561FE}.Debug|ARM64.ActiveCfg = Debug|Any CPU
		{AAE1BCB6-2BD1-4BFA-90BD-B136EB0561FE}.Debug|ARM64.Build.0 = Debug|Any CPU
		{AAE1BCB6-2BD1-4BFA-90BD-B136EB0561FE}.Debug|Win32.ActiveCfg = Debug|Any CPU
		{AAE1BCB6-2BD1-4BFA-90BD-B136EB0561FE}.Debug|Win32.Build.0 = Debug|Any CPU
		{AAE1BCB6-2BD1-4BFA-90BD-B136EB0561FE}.Debug|x64.ActiveCfg = Debug|Any CPU
		{AAE1BCB6-2BD1-4BFA-90BD-B136EB0561FE}.Debug|x64.Build.0 = Debug|Any CPU
		{AAE1BCB6-2BD1-4BFA-90BD-B136EB0561FE}.Debug|Any CPU.ActiveCfg = Debug|Any CPU
		{AAE1BCB6-2BD1-4BFA-90BD-B136EB0561FE}.Debug|Any CPU.Build.0 = Debug|Any CPU
		{AAE1BCB6-2BD1-4BFA-90BD-B136EB0561FE}.Debug|x86.ActiveCfg = Debug|Any CPU
		{AAE1BCB6-2BD1-4BFA-90BD-B136EB0561FE}.Debug|x86.Build.0 = Debug|Any CPU
		{AAE1BCB6-2BD1-4BFA-90BD-B136EB0561FE}.Release|ARM.ActiveCfg = Release|Any CPU
		{AAE1BCB6-2BD1-4BFA-90BD-B136EB0561FE}.Release|ARM.Build.0 = Release|Any CPU
		{AAE1BCB6-2BD1-4BFA-90BD-B136EB0561FE}.Release|ARM64.ActiveCfg = Release|Any CPU
		{AAE1BCB6-2BD1-4BFA-90BD-B136EB0561FE}.Release|ARM64.Build.0 = Release|Any CPU
		{AAE1BCB6-2BD1-4BFA-90BD-B136EB0561FE}.Release|Win32.ActiveCfg = Release|Any CPU
		{AAE1BCB6-2BD1-4BFA-90BD-B136EB0561FE}.Release|Win32.Build.0 = Release|Any CPU
		{AAE1BCB6-2BD1-4BFA-90BD-B136EB0561FE}.Release|x64.ActiveCfg = Release|Any CPU
		{AAE1BCB6-2BD1-4BFA-90BD-B136EB0561FE}.Release|x64.Build.0 = Release|Any CPU
		{AAE1BCB6-2BD1-4BFA-90BD-B136EB0561FE}.Release|Any CPU.ActiveCfg = Release|Any CPU
		{AAE1BCB6-2BD1-4BFA-90BD-B136EB0561FE}.Release|Any CPU.Build.0 = Release|Any CPU
		{AAE1BCB6-2BD1-4BFA-90BD-B136EB0561FE}.Release|x86.ActiveCfg = Release|Any CPU
		{AAE1BCB6-2BD1-4BFA-90BD-B136EB0561FE}.Release|x86.Build.0 = Release|Any CPU
		{30C8049B-554B-45BC-88C9-A575D6B57A7E}.Debug|ARM.ActiveCfg = Debug|Any CPU
		{30C8049B-554B-45BC-88C9-A575D6B57A7E}.Debug|ARM.Build.0 = Debug|Any CPU
		{30C8049B-554B-45BC-88C9-A575D6B57A7E}.Debug|ARM64.ActiveCfg = Debug|Any CPU
		{30C8049B-554B-45BC-88C9-A575D6B57A7E}.Debug|ARM64.Build.0 = Debug|Any CPU
		{30C8049B-554B-45BC-88C9-A575D6B57A7E}.Debug|Win32.ActiveCfg = Debug|Any CPU
		{30C8049B-554B-45BC-88C9-A575D6B57A7E}.Debug|Win32.Build.0 = Debug|Any CPU
		{30C8049B-554B-45BC-88C9-A575D6B57A7E}.Debug|x64.ActiveCfg = Debug|Any CPU
		{30C8049B-554B-45BC-88C9-A575D6B57A7E}.Debug|x64.Build.0 = Debug|Any CPU
		{30C8049B-554B-45BC-88C9-A575D6B57A7E}.Debug|Any CPU.ActiveCfg = Debug|Any CPU
		{30C8049B-554B-45BC-88C9-A575D6B57A7E}.Debug|Any CPU.Build.0 = Debug|Any CPU
		{30C8049B-554B-45BC-88C9-A575D6B57A7E}.Debug|x86.ActiveCfg = Debug|Any CPU
		{30C8049B-554B-45BC-88C9-A575D6B57A7E}.Debug|x86.Build.0 = Debug|Any CPU
		{30C8049B-554B-45BC-88C9-A575D6B57A7E}.Release|ARM.ActiveCfg = Release|Any CPU
		{30C8049B-554B-45BC-88C9-A575D6B57A7E}.Release|ARM.Build.0 = Release|Any CPU
		{30C8049B-554B-45BC-88C9-A575D6B57A7E}.Release|ARM64.ActiveCfg = Release|Any CPU
		{30C8049B-554B-45BC-88C9-A575D6B57A7E}.Release|ARM64.Build.0 = Release|Any CPU
		{30C8049B-554B-45BC-88C9-A575D6B57A7E}.Release|Win32.ActiveCfg = Release|Any CPU
		{30C8049B-554B-45BC-88C9-A575D6B57A7E}.Release|Win32.Build.0 = Release|Any CPU
		{30C8049B-554B-45BC-88C9-A575D6B57A7E}.Release|x64.ActiveCfg = Release|Any CPU
		{30C8049B-554B-45BC-88C9-A575D6B57A7E}.Release|x64.Build.0 = Release|Any CPU
		{30C8049B-554B-45BC-88C9-A575D6B57A7E}.Release|Any CPU.ActiveCfg = Release|Any CPU
		{30C8049B-554B-45BC-88C9-A575D6B57A7E}.Release|Any CPU.Build.0 = Release|Any CPU
		{30C8049B-554B-45BC-88C9-A575D6B57A7E}.Release|x86.ActiveCfg = Release|Any CPU
		{30C8049B-554B-45BC-88C9-A575D6B57A7E}.Release|x86.Build.0 = Release|Any CPU
		{0E65F9DA-A86A-4BF6-9C0B-B67878DB6817}.Debug|ARM.ActiveCfg = Debug|ARM32
		{0E65F9DA-A86A-4BF6-9C0B-B67878DB6817}.Debug|ARM.Build.0 = Debug|ARM32
		{0E65F9DA-A86A-4BF6-9C0B-B67878DB6817}.Debug|ARM64.ActiveCfg = Debug|ARM64
		{0E65F9DA-A86A-4BF6-9C0B-B67878DB6817}.Debug|ARM64.Build.0 = Debug|ARM64
		{0E65F9DA-A86A-4BF6-9C0B-B67878DB6817}.Debug|Win32.ActiveCfg = Debug|ARM32
		{0E65F9DA-A86A-4BF6-9C0B-B67878DB6817}.Debug|Win32.Build.0 = Debug|ARM32
		{0E65F9DA-A86A-4BF6-9C0B-B67878DB6817}.Debug|x64.ActiveCfg = Debug|x64
		{0E65F9DA-A86A-4BF6-9C0B-B67878DB6817}.Debug|x64.Build.0 = Debug|x64
		{0E65F9DA-A86A-4BF6-9C0B-B67878DB6817}.Debug|Any CPU.ActiveCfg = Debug|ARM32
		{0E65F9DA-A86A-4BF6-9C0B-B67878DB6817}.Debug|Any CPU.Build.0 = Debug|ARM32
		{0E65F9DA-A86A-4BF6-9C0B-B67878DB6817}.Debug|x86.ActiveCfg = Debug|x86
		{0E65F9DA-A86A-4BF6-9C0B-B67878DB6817}.Debug|x86.Build.0 = Debug|x86
		{0E65F9DA-A86A-4BF6-9C0B-B67878DB6817}.Release|ARM.ActiveCfg = Release|ARM32
		{0E65F9DA-A86A-4BF6-9C0B-B67878DB6817}.Release|ARM.Build.0 = Release|ARM32
		{0E65F9DA-A86A-4BF6-9C0B-B67878DB6817}.Release|ARM64.ActiveCfg = Release|ARM64
		{0E65F9DA-A86A-4BF6-9C0B-B67878DB6817}.Release|ARM64.Build.0 = Release|ARM64
		{0E65F9DA-A86A-4BF6-9C0B-B67878DB6817}.Release|Win32.ActiveCfg = Release|ARM32
		{0E65F9DA-A86A-4BF6-9C0B-B67878DB6817}.Release|Win32.Build.0 = Release|ARM32
		{0E65F9DA-A86A-4BF6-9C0B-B67878DB6817}.Release|x64.ActiveCfg = Release|x64
		{0E65F9DA-A86A-4BF6-9C0B-B67878DB6817}.Release|x64.Build.0 = Release|x64
		{0E65F9DA-A86A-4BF6-9C0B-B67878DB6817}.Release|Any CPU.ActiveCfg = Release|ARM32
		{0E65F9DA-A86A-4BF6-9C0B-B67878DB6817}.Release|Any CPU.Build.0 = Release|ARM32
		{0E65F9DA-A86A-4BF6-9C0B-B67878DB6817}.Release|x86.ActiveCfg = Release|x86
		{0E65F9DA-A86A-4BF6-9C0B-B67878DB6817}.Release|x86.Build.0 = Release|x86
		{2CCFF80B-F802-4DBE-AE17-B4B8E439907C}.Debug|ARM.ActiveCfg = Debug|ARM32
		{2CCFF80B-F802-4DBE-AE17-B4B8E439907C}.Debug|ARM.Build.0 = Debug|ARM32
		{2CCFF80B-F802-4DBE-AE17-B4B8E439907C}.Debug|ARM64.ActiveCfg = Debug|ARM64
		{2CCFF80B-F802-4DBE-AE17-B4B8E439907C}.Debug|ARM64.Build.0 = Debug|ARM64
		{2CCFF80B-F802-4DBE-AE17-B4B8E439907C}.Debug|Win32.ActiveCfg = Debug|ARM32
		{2CCFF80B-F802-4DBE-AE17-B4B8E439907C}.Debug|Win32.Build.0 = Debug|ARM32
		{2CCFF80B-F802-4DBE-AE17-B4B8E439907C}.Debug|x64.ActiveCfg = Debug|x64
		{2CCFF80B-F802-4DBE-AE17-B4B8E439907C}.Debug|x64.Build.0 = Debug|x64
		{2CCFF80B-F802-4DBE-AE17-B4B8E439907C}.Debug|Any CPU.ActiveCfg = Debug|ARM32
		{2CCFF80B-F802-4DBE-AE17-B4B8E439907C}.Debug|Any CPU.Build.0 = Debug|ARM32
		{2CCFF80B-F802-4DBE-AE17-B4B8E439907C}.Debug|x86.ActiveCfg = Debug|x86
		{2CCFF80B-F802-4DBE-AE17-B4B8E439907C}.Debug|x86.Build.0 = Debug|x86
		{2CCFF80B-F802-4DBE-AE17-B4B8E439907C}.Release|ARM.ActiveCfg = Release|ARM32
		{2CCFF80B-F802-4DBE-AE17-B4B8E439907C}.Release|ARM.Build.0 = Release|ARM32
		{2CCFF80B-F802-4DBE-AE17-B4B8E439907C}.Release|ARM64.ActiveCfg = Release|ARM64
		{2CCFF80B-F802-4DBE-AE17-B4B8E439907C}.Release|ARM64.Build.0 = Release|ARM64
		{2CCFF80B-F802-4DBE-AE17-B4B8E439907C}.Release|Win32.ActiveCfg = Release|ARM32
		{2CCFF80B-F802-4DBE-AE17-B4B8E439907C}.Release|Win32.Build.0 = Release|ARM32
		{2CCFF80B-F802-4DBE-AE17-B4B8E439907C}.Release|x64.ActiveCfg = Release|x64
		{2CCFF80B-F802-4DBE-AE17-B4B8E439907C}.Release|x64.Build.0 = Release|x64
		{2CCFF80B-F802-4DBE-AE17-B4B8E439907C}.Release|Any CPU.ActiveCfg = Release|ARM32
		{2CCFF80B-F802-4DBE-AE17-B4B8E439907C}.Release|Any CPU.Build.0 = Release|ARM32
		{2CCFF80B-F802-4DBE-AE17-B4B8E439907C}.Release|x86.ActiveCfg = Release|x86
		{2CCFF80B-F802-4DBE-AE17-B4B8E439907C}.Release|x86.Build.0 = Release|x86
		{7E3C13FF-396E-46B4-8EF2-DA699F0987D0}.Debug|ARM.ActiveCfg = Debug|x86
		{7E3C13FF-396E-46B4-8EF2-DA699F0987D0}.Debug|ARM.Build.0 = Debug|x86
		{7E3C13FF-396E-46B4-8EF2-DA699F0987D0}.Debug|ARM64.ActiveCfg = Debug|ARM64
		{7E3C13FF-396E-46B4-8EF2-DA699F0987D0}.Debug|ARM64.Build.0 = Debug|ARM64
		{7E3C13FF-396E-46B4-8EF2-DA699F0987D0}.Debug|Win32.ActiveCfg = Debug|x86
		{7E3C13FF-396E-46B4-8EF2-DA699F0987D0}.Debug|Win32.Build.0 = Debug|x86
		{7E3C13FF-396E-46B4-8EF2-DA699F0987D0}.Debug|x64.ActiveCfg = Debug|x64
		{7E3C13FF-396E-46B4-8EF2-DA699F0987D0}.Debug|x64.Build.0 = Debug|x64
		{7E3C13FF-396E-46B4-8EF2-DA699F0987D0}.Debug|Any CPU.ActiveCfg = Debug|x86
		{7E3C13FF-396E-46B4-8EF2-DA699F0987D0}.Debug|Any CPU.Build.0 = Debug|x86
		{7E3C13FF-396E-46B4-8EF2-DA699F0987D0}.Debug|x86.ActiveCfg = Debug|x86
		{7E3C13FF-396E-46B4-8EF2-DA699F0987D0}.Debug|x86.Build.0 = Debug|x86
		{7E3C13FF-396E-46B4-8EF2-DA699F0987D0}.Release|ARM.ActiveCfg = Release|x86
		{7E3C13FF-396E-46B4-8EF2-DA699F0987D0}.Release|ARM.Build.0 = Release|x86
		{7E3C13FF-396E-46B4-8EF2-DA699F0987D0}.Release|ARM64.ActiveCfg = Release|ARM64
		{7E3C13FF-396E-46B4-8EF2-DA699F0987D0}.Release|ARM64.Build.0 = Release|ARM64
		{7E3C13FF-396E-46B4-8EF2-DA699F0987D0}.Release|Win32.ActiveCfg = Release|x86
		{7E3C13FF-396E-46B4-8EF2-DA699F0987D0}.Release|Win32.Build.0 = Release|x86
		{7E3C13FF-396E-46B4-8EF2-DA699F0987D0}.Release|x64.ActiveCfg = Release|x64
		{7E3C13FF-396E-46B4-8EF2-DA699F0987D0}.Release|x64.Build.0 = Release|x64
		{7E3C13FF-396E-46B4-8EF2-DA699F0987D0}.Release|Any CPU.ActiveCfg = Release|x86
		{7E3C13FF-396E-46B4-8EF2-DA699F0987D0}.Release|Any CPU.Build.0 = Release|x86
		{7E3C13FF-396E-46B4-8EF2-DA699F0987D0}.Release|x86.ActiveCfg = Release|x86
		{7E3C13FF-396E-46B4-8EF2-DA699F0987D0}.Release|x86.Build.0 = Release|x86
		{6C0EAAAF-E4E4-4DEF-AC3A-0942AC89C259}.Debug|ARM.ActiveCfg = Debug|Any CPU
		{6C0EAAAF-E4E4-4DEF-AC3A-0942AC89C259}.Debug|ARM64.ActiveCfg = Debug|Any CPU
		{6C0EAAAF-E4E4-4DEF-AC3A-0942AC89C259}.Debug|Win32.ActiveCfg = Debug|Any CPU
		{6C0EAAAF-E4E4-4DEF-AC3A-0942AC89C259}.Debug|x64.ActiveCfg = Debug|Any CPU
		{6C0EAAAF-E4E4-4DEF-AC3A-0942AC89C259}.Debug|Any CPU.ActiveCfg = Debug|Any CPU
		{6C0EAAAF-E4E4-4DEF-AC3A-0942AC89C259}.Debug|x86.ActiveCfg = Debug|Any CPU
		{6C0EAAAF-E4E4-4DEF-AC3A-0942AC89C259}.Release|ARM.ActiveCfg = Release|Any CPU
		{6C0EAAAF-E4E4-4DEF-AC3A-0942AC89C259}.Release|ARM64.ActiveCfg = Release|Any CPU
		{6C0EAAAF-E4E4-4DEF-AC3A-0942AC89C259}.Release|Win32.ActiveCfg = Release|Any CPU
		{6C0EAAAF-E4E4-4DEF-AC3A-0942AC89C259}.Release|x64.ActiveCfg = Release|Any CPU
		{6C0EAAAF-E4E4-4DEF-AC3A-0942AC89C259}.Release|Any CPU.ActiveCfg = Release|Any CPU
		{6C0EAAAF-E4E4-4DEF-AC3A-0942AC89C259}.Release|x86.ActiveCfg = Release|Any CPU
		{723B3972-CE85-4FDA-9310-0D912BD11725}.Debug|ARM.ActiveCfg = Debug|x86
		{723B3972-CE85-4FDA-9310-0D912BD11725}.Debug|ARM.Build.0 = Debug|x86
		{723B3972-CE85-4FDA-9310-0D912BD11725}.Debug|ARM64.ActiveCfg = Debug|ARM64
		{723B3972-CE85-4FDA-9310-0D912BD11725}.Debug|ARM64.Build.0 = Debug|ARM64
		{723B3972-CE85-4FDA-9310-0D912BD11725}.Debug|Win32.ActiveCfg = Debug|x86
		{723B3972-CE85-4FDA-9310-0D912BD11725}.Debug|Win32.Build.0 = Debug|x86
		{723B3972-CE85-4FDA-9310-0D912BD11725}.Debug|x64.ActiveCfg = Debug|x64
		{723B3972-CE85-4FDA-9310-0D912BD11725}.Debug|x64.Build.0 = Debug|x64
		{723B3972-CE85-4FDA-9310-0D912BD11725}.Debug|Any CPU.ActiveCfg = Debug|x86
		{723B3972-CE85-4FDA-9310-0D912BD11725}.Debug|Any CPU.Build.0 = Debug|x86
		{723B3972-CE85-4FDA-9310-0D912BD11725}.Debug|x86.ActiveCfg = Debug|x86
		{723B3972-CE85-4FDA-9310-0D912BD11725}.Debug|x86.Build.0 = Debug|x86
		{723B3972-CE85-4FDA-9310-0D912BD11725}.Release|ARM.ActiveCfg = Release|x86
		{723B3972-CE85-4FDA-9310-0D912BD11725}.Release|ARM.Build.0 = Release|x86
		{723B3972-CE85-4FDA-9310-0D912BD11725}.Release|ARM64.ActiveCfg = Release|ARM64
		{723B3972-CE85-4FDA-9310-0D912BD11725}.Release|ARM64.Build.0 = Release|ARM64
		{723B3972-CE85-4FDA-9310-0D912BD11725}.Release|Win32.ActiveCfg = Release|x86
		{723B3972-CE85-4FDA-9310-0D912BD11725}.Release|Win32.Build.0 = Release|x86
		{723B3972-CE85-4FDA-9310-0D912BD11725}.Release|x64.ActiveCfg = Release|x64
		{723B3972-CE85-4FDA-9310-0D912BD11725}.Release|x64.Build.0 = Release|x64
		{723B3972-CE85-4FDA-9310-0D912BD11725}.Release|Any CPU.ActiveCfg = Release|x86
		{723B3972-CE85-4FDA-9310-0D912BD11725}.Release|Any CPU.Build.0 = Release|x86
		{723B3972-CE85-4FDA-9310-0D912BD11725}.Release|x86.ActiveCfg = Release|x86
		{723B3972-CE85-4FDA-9310-0D912BD11725}.Release|x86.Build.0 = Release|x86
		{4E1A3B77-95F5-456E-B9B5-294A7DEC2079}.Debug|ARM.ActiveCfg = Debug|x86
		{4E1A3B77-95F5-456E-B9B5-294A7DEC2079}.Debug|ARM.Build.0 = Debug|x86
		{4E1A3B77-95F5-456E-B9B5-294A7DEC2079}.Debug|ARM64.ActiveCfg = Debug|ARM64
		{4E1A3B77-95F5-456E-B9B5-294A7DEC2079}.Debug|ARM64.Build.0 = Debug|ARM64
		{4E1A3B77-95F5-456E-B9B5-294A7DEC2079}.Debug|Win32.ActiveCfg = Debug|x86
		{4E1A3B77-95F5-456E-B9B5-294A7DEC2079}.Debug|Win32.Build.0 = Debug|x86
		{4E1A3B77-95F5-456E-B9B5-294A7DEC2079}.Debug|x64.ActiveCfg = Debug|x64
		{4E1A3B77-95F5-456E-B9B5-294A7DEC2079}.Debug|x64.Build.0 = Debug|x64
		{4E1A3B77-95F5-456E-B9B5-294A7DEC2079}.Debug|Any CPU.ActiveCfg = Debug|x86
		{4E1A3B77-95F5-456E-B9B5-294A7DEC2079}.Debug|Any CPU.Build.0 = Debug|x86
		{4E1A3B77-95F5-456E-B9B5-294A7DEC2079}.Debug|x86.ActiveCfg = Debug|x86
		{4E1A3B77-95F5-456E-B9B5-294A7DEC2079}.Debug|x86.Build.0 = Debug|x86
		{4E1A3B77-95F5-456E-B9B5-294A7DEC2079}.Release|ARM.ActiveCfg = Release|x86
		{4E1A3B77-95F5-456E-B9B5-294A7DEC2079}.Release|ARM.Build.0 = Release|x86
		{4E1A3B77-95F5-456E-B9B5-294A7DEC2079}.Release|ARM64.ActiveCfg = Release|ARM64
		{4E1A3B77-95F5-456E-B9B5-294A7DEC2079}.Release|ARM64.Build.0 = Release|ARM64
		{4E1A3B77-95F5-456E-B9B5-294A7DEC2079}.Release|Win32.ActiveCfg = Release|x86
		{4E1A3B77-95F5-456E-B9B5-294A7DEC2079}.Release|Win32.Build.0 = Release|x86
		{4E1A3B77-95F5-456E-B9B5-294A7DEC2079}.Release|x64.ActiveCfg = Release|x64
		{4E1A3B77-95F5-456E-B9B5-294A7DEC2079}.Release|x64.Build.0 = Release|x64
		{4E1A3B77-95F5-456E-B9B5-294A7DEC2079}.Release|Any CPU.ActiveCfg = Release|x86
		{4E1A3B77-95F5-456E-B9B5-294A7DEC2079}.Release|Any CPU.Build.0 = Release|x86
		{4E1A3B77-95F5-456E-B9B5-294A7DEC2079}.Release|x86.ActiveCfg = Release|x86
		{4E1A3B77-95F5-456E-B9B5-294A7DEC2079}.Release|x86.Build.0 = Release|x86
		{A6620E89-5360-4E2D-AC75-079E7BF56C6A}.Debug|ARM.ActiveCfg = Debug|x86
		{A6620E89-5360-4E2D-AC75-079E7BF56C6A}.Debug|ARM.Build.0 = Debug|x86
		{A6620E89-5360-4E2D-AC75-079E7BF56C6A}.Debug|ARM64.ActiveCfg = Debug|ARM64
		{A6620E89-5360-4E2D-AC75-079E7BF56C6A}.Debug|ARM64.Build.0 = Debug|ARM64
		{A6620E89-5360-4E2D-AC75-079E7BF56C6A}.Debug|Win32.ActiveCfg = Debug|x86
		{A6620E89-5360-4E2D-AC75-079E7BF56C6A}.Debug|Win32.Build.0 = Debug|x86
		{A6620E89-5360-4E2D-AC75-079E7BF56C6A}.Debug|x64.ActiveCfg = Debug|x64
		{A6620E89-5360-4E2D-AC75-079E7BF56C6A}.Debug|x64.Build.0 = Debug|x64
		{A6620E89-5360-4E2D-AC75-079E7BF56C6A}.Debug|Any CPU.ActiveCfg = Debug|x86
		{A6620E89-5360-4E2D-AC75-079E7BF56C6A}.Debug|Any CPU.Build.0 = Debug|x86
		{A6620E89-5360-4E2D-AC75-079E7BF56C6A}.Debug|x86.ActiveCfg = Debug|x86
		{A6620E89-5360-4E2D-AC75-079E7BF56C6A}.Debug|x86.Build.0 = Debug|x86
		{A6620E89-5360-4E2D-AC75-079E7BF56C6A}.Release|ARM.ActiveCfg = Release|x86
		{A6620E89-5360-4E2D-AC75-079E7BF56C6A}.Release|ARM.Build.0 = Release|x86
		{A6620E89-5360-4E2D-AC75-079E7BF56C6A}.Release|ARM64.ActiveCfg = Release|ARM64
		{A6620E89-5360-4E2D-AC75-079E7BF56C6A}.Release|ARM64.Build.0 = Release|ARM64
		{A6620E89-5360-4E2D-AC75-079E7BF56C6A}.Release|Win32.ActiveCfg = Release|x86
		{A6620E89-5360-4E2D-AC75-079E7BF56C6A}.Release|Win32.Build.0 = Release|x86
		{A6620E89-5360-4E2D-AC75-079E7BF56C6A}.Release|x64.ActiveCfg = Release|x64
		{A6620E89-5360-4E2D-AC75-079E7BF56C6A}.Release|x64.Build.0 = Release|x64
		{A6620E89-5360-4E2D-AC75-079E7BF56C6A}.Release|Any CPU.ActiveCfg = Release|x86
		{A6620E89-5360-4E2D-AC75-079E7BF56C6A}.Release|Any CPU.Build.0 = Release|x86
		{A6620E89-5360-4E2D-AC75-079E7BF56C6A}.Release|x86.ActiveCfg = Release|x86
		{A6620E89-5360-4E2D-AC75-079E7BF56C6A}.Release|x86.Build.0 = Release|x86
		{1715C8C7-19E3-4410-A093-3D58551F0436}.Debug|ARM.ActiveCfg = Debug|x86
		{1715C8C7-19E3-4410-A093-3D58551F0436}.Debug|ARM.Build.0 = Debug|x86
		{1715C8C7-19E3-4410-A093-3D58551F0436}.Debug|ARM64.ActiveCfg = Debug|ARM64
		{1715C8C7-19E3-4410-A093-3D58551F0436}.Debug|ARM64.Build.0 = Debug|ARM64
		{1715C8C7-19E3-4410-A093-3D58551F0436}.Debug|Win32.ActiveCfg = Debug|x86
		{1715C8C7-19E3-4410-A093-3D58551F0436}.Debug|Win32.Build.0 = Debug|x86
		{1715C8C7-19E3-4410-A093-3D58551F0436}.Debug|x64.ActiveCfg = Debug|x64
		{1715C8C7-19E3-4410-A093-3D58551F0436}.Debug|x64.Build.0 = Debug|x64
		{1715C8C7-19E3-4410-A093-3D58551F0436}.Debug|Any CPU.ActiveCfg = Debug|x86
		{1715C8C7-19E3-4410-A093-3D58551F0436}.Debug|Any CPU.Build.0 = Debug|x86
		{1715C8C7-19E3-4410-A093-3D58551F0436}.Debug|x86.ActiveCfg = Debug|x86
		{1715C8C7-19E3-4410-A093-3D58551F0436}.Debug|x86.Build.0 = Debug|x86
		{1715C8C7-19E3-4410-A093-3D58551F0436}.Release|ARM.ActiveCfg = Release|x86
		{1715C8C7-19E3-4410-A093-3D58551F0436}.Release|ARM.Build.0 = Release|x86
		{1715C8C7-19E3-4410-A093-3D58551F0436}.Release|ARM64.ActiveCfg = Release|ARM64
		{1715C8C7-19E3-4410-A093-3D58551F0436}.Release|ARM64.Build.0 = Release|ARM64
		{1715C8C7-19E3-4410-A093-3D58551F0436}.Release|Win32.ActiveCfg = Release|x86
		{1715C8C7-19E3-4410-A093-3D58551F0436}.Release|Win32.Build.0 = Release|x86
		{1715C8C7-19E3-4410-A093-3D58551F0436}.Release|x64.ActiveCfg = Release|x64
		{1715C8C7-19E3-4410-A093-3D58551F0436}.Release|x64.Build.0 = Release|x64
		{1715C8C7-19E3-4410-A093-3D58551F0436}.Release|Any CPU.ActiveCfg = Release|x86
		{1715C8C7-19E3-4410-A093-3D58551F0436}.Release|Any CPU.Build.0 = Release|x86
		{1715C8C7-19E3-4410-A093-3D58551F0436}.Release|x86.ActiveCfg = Release|x86
		{1715C8C7-19E3-4410-A093-3D58551F0436}.Release|x86.Build.0 = Release|x86
		{B33DEE77-B077-4521-80C9-AE4565FF899E}.Debug|ARM.ActiveCfg = Debug|x86
		{B33DEE77-B077-4521-80C9-AE4565FF899E}.Debug|ARM.Build.0 = Debug|x86
		{B33DEE77-B077-4521-80C9-AE4565FF899E}.Debug|ARM64.ActiveCfg = Debug|ARM64
		{B33DEE77-B077-4521-80C9-AE4565FF899E}.Debug|ARM64.Build.0 = Debug|ARM64
		{B33DEE77-B077-4521-80C9-AE4565FF899E}.Debug|Win32.ActiveCfg = Debug|x86
		{B33DEE77-B077-4521-80C9-AE4565FF899E}.Debug|Win32.Build.0 = Debug|x86
		{B33DEE77-B077-4521-80C9-AE4565FF899E}.Debug|x64.ActiveCfg = Debug|x64
		{B33DEE77-B077-4521-80C9-AE4565FF899E}.Debug|x64.Build.0 = Debug|x64
		{B33DEE77-B077-4521-80C9-AE4565FF899E}.Debug|Any CPU.ActiveCfg = Debug|x86
		{B33DEE77-B077-4521-80C9-AE4565FF899E}.Debug|Any CPU.Build.0 = Debug|x86
		{B33DEE77-B077-4521-80C9-AE4565FF899E}.Debug|x86.ActiveCfg = Debug|x86
		{B33DEE77-B077-4521-80C9-AE4565FF899E}.Debug|x86.Build.0 = Debug|x86
		{B33DEE77-B077-4521-80C9-AE4565FF899E}.Release|ARM.ActiveCfg = Release|x86
		{B33DEE77-B077-4521-80C9-AE4565FF899E}.Release|ARM.Build.0 = Release|x86
		{B33DEE77-B077-4521-80C9-AE4565FF899E}.Release|ARM64.ActiveCfg = Release|ARM64
		{B33DEE77-B077-4521-80C9-AE4565FF899E}.Release|ARM64.Build.0 = Release|ARM64
		{B33DEE77-B077-4521-80C9-AE4565FF899E}.Release|Win32.ActiveCfg = Release|x86
		{B33DEE77-B077-4521-80C9-AE4565FF899E}.Release|Win32.Build.0 = Release|x86
		{B33DEE77-B077-4521-80C9-AE4565FF899E}.Release|x64.ActiveCfg = Release|x64
		{B33DEE77-B077-4521-80C9-AE4565FF899E}.Release|x64.Build.0 = Release|x64
		{B33DEE77-B077-4521-80C9-AE4565FF899E}.Release|Any CPU.ActiveCfg = Release|x86
		{B33DEE77-B077-4521-80C9-AE4565FF899E}.Release|Any CPU.Build.0 = Release|x86
		{B33DEE77-B077-4521-80C9-AE4565FF899E}.Release|x86.ActiveCfg = Release|x86
		{B33DEE77-B077-4521-80C9-AE4565FF899E}.Release|x86.Build.0 = Release|x86
		{BD1B3E94-9D94-43B2-9964-592DAE93DE70}.Debug|ARM.ActiveCfg = Debug|x86
		{BD1B3E94-9D94-43B2-9964-592DAE93DE70}.Debug|ARM.Build.0 = Debug|x86
		{BD1B3E94-9D94-43B2-9964-592DAE93DE70}.Debug|ARM64.ActiveCfg = Debug|ARM64
		{BD1B3E94-9D94-43B2-9964-592DAE93DE70}.Debug|ARM64.Build.0 = Debug|ARM64
		{BD1B3E94-9D94-43B2-9964-592DAE93DE70}.Debug|Win32.ActiveCfg = Debug|x86
		{BD1B3E94-9D94-43B2-9964-592DAE93DE70}.Debug|Win32.Build.0 = Debug|x86
		{BD1B3E94-9D94-43B2-9964-592DAE93DE70}.Debug|x64.ActiveCfg = Debug|x64
		{BD1B3E94-9D94-43B2-9964-592DAE93DE70}.Debug|x64.Build.0 = Debug|x64
		{BD1B3E94-9D94-43B2-9964-592DAE93DE70}.Debug|Any CPU.ActiveCfg = Debug|x86
		{BD1B3E94-9D94-43B2-9964-592DAE93DE70}.Debug|Any CPU.Build.0 = Debug|x86
		{BD1B3E94-9D94-43B2-9964-592DAE93DE70}.Debug|x86.ActiveCfg = Debug|x86
		{BD1B3E94-9D94-43B2-9964-592DAE93DE70}.Debug|x86.Build.0 = Debug|x86
		{BD1B3E94-9D94-43B2-9964-592DAE93DE70}.Release|ARM.ActiveCfg = Release|x86
		{BD1B3E94-9D94-43B2-9964-592DAE93DE70}.Release|ARM.Build.0 = Release|x86
		{BD1B3E94-9D94-43B2-9964-592DAE93DE70}.Release|ARM64.ActiveCfg = Release|ARM64
		{BD1B3E94-9D94-43B2-9964-592DAE93DE70}.Release|ARM64.Build.0 = Release|ARM64
		{BD1B3E94-9D94-43B2-9964-592DAE93DE70}.Release|Win32.ActiveCfg = Release|x86
		{BD1B3E94-9D94-43B2-9964-592DAE93DE70}.Release|Win32.Build.0 = Release|x86
		{BD1B3E94-9D94-43B2-9964-592DAE93DE70}.Release|x64.ActiveCfg = Release|x64
		{BD1B3E94-9D94-43B2-9964-592DAE93DE70}.Release|x64.Build.0 = Release|x64
		{BD1B3E94-9D94-43B2-9964-592DAE93DE70}.Release|Any CPU.ActiveCfg = Release|x86
		{BD1B3E94-9D94-43B2-9964-592DAE93DE70}.Release|Any CPU.Build.0 = Release|x86
		{BD1B3E94-9D94-43B2-9964-592DAE93DE70}.Release|x86.ActiveCfg = Release|x86
		{BD1B3E94-9D94-43B2-9964-592DAE93DE70}.Release|x86.Build.0 = Release|x86
		{9184B7F8-069B-4086-ACD4-59DB5AD98F86}.Debug|ARM.ActiveCfg = Debug|x86
		{9184B7F8-069B-4086-ACD4-59DB5AD98F86}.Debug|ARM.Build.0 = Debug|x86
		{9184B7F8-069B-4086-ACD4-59DB5AD98F86}.Debug|ARM64.ActiveCfg = Debug|ARM64
		{9184B7F8-069B-4086-ACD4-59DB5AD98F86}.Debug|ARM64.Build.0 = Debug|ARM64
		{9184B7F8-069B-4086-ACD4-59DB5AD98F86}.Debug|Win32.ActiveCfg = Debug|x86
		{9184B7F8-069B-4086-ACD4-59DB5AD98F86}.Debug|Win32.Build.0 = Debug|x86
		{9184B7F8-069B-4086-ACD4-59DB5AD98F86}.Debug|x64.ActiveCfg = Debug|x64
		{9184B7F8-069B-4086-ACD4-59DB5AD98F86}.Debug|x64.Build.0 = Debug|x64
		{9184B7F8-069B-4086-ACD4-59DB5AD98F86}.Debug|Any CPU.ActiveCfg = Debug|x86
		{9184B7F8-069B-4086-ACD4-59DB5AD98F86}.Debug|Any CPU.Build.0 = Debug|x86
		{9184B7F8-069B-4086-ACD4-59DB5AD98F86}.Debug|x86.ActiveCfg = Debug|x86
		{9184B7F8-069B-4086-ACD4-59DB5AD98F86}.Debug|x86.Build.0 = Debug|x86
		{9184B7F8-069B-4086-ACD4-59DB5AD98F86}.Release|ARM.ActiveCfg = Release|x86
		{9184B7F8-069B-4086-ACD4-59DB5AD98F86}.Release|ARM.Build.0 = Release|x86
		{9184B7F8-069B-4086-ACD4-59DB5AD98F86}.Release|ARM64.ActiveCfg = Release|ARM64
		{9184B7F8-069B-4086-ACD4-59DB5AD98F86}.Release|ARM64.Build.0 = Release|ARM64
		{9184B7F8-069B-4086-ACD4-59DB5AD98F86}.Release|Win32.ActiveCfg = Release|x86
		{9184B7F8-069B-4086-ACD4-59DB5AD98F86}.Release|Win32.Build.0 = Release|x86
		{9184B7F8-069B-4086-ACD4-59DB5AD98F86}.Release|x64.ActiveCfg = Release|x64
		{9184B7F8-069B-4086-ACD4-59DB5AD98F86}.Release|x64.Build.0 = Release|x64
		{9184B7F8-069B-4086-ACD4-59DB5AD98F86}.Release|Any CPU.ActiveCfg = Release|x86
		{9184B7F8-069B-4086-ACD4-59DB5AD98F86}.Release|Any CPU.Build.0 = Release|x86
		{9184B7F8-069B-4086-ACD4-59DB5AD98F86}.Release|x86.ActiveCfg = Release|x86
		{9184B7F8-069B-4086-ACD4-59DB5AD98F86}.Release|x86.Build.0 = Release|x86
		{C71DED15-2635-455B-8160-06AE94279DD3}.Debug|ARM.ActiveCfg = Debug|x86
		{C71DED15-2635-455B-8160-06AE94279DD3}.Debug|ARM.Build.0 = Debug|x86
		{C71DED15-2635-455B-8160-06AE94279DD3}.Debug|ARM64.ActiveCfg = Debug|ARM64
		{C71DED15-2635-455B-8160-06AE94279DD3}.Debug|ARM64.Build.0 = Debug|ARM64
		{C71DED15-2635-455B-8160-06AE94279DD3}.Debug|Win32.ActiveCfg = Debug|x86
		{C71DED15-2635-455B-8160-06AE94279DD3}.Debug|Win32.Build.0 = Debug|x86
		{C71DED15-2635-455B-8160-06AE94279DD3}.Debug|x64.ActiveCfg = Debug|x64
		{C71DED15-2635-455B-8160-06AE94279DD3}.Debug|x64.Build.0 = Debug|x64
		{C71DED15-2635-455B-8160-06AE94279DD3}.Debug|Any CPU.ActiveCfg = Debug|x86
		{C71DED15-2635-455B-8160-06AE94279DD3}.Debug|Any CPU.Build.0 = Debug|x86
		{C71DED15-2635-455B-8160-06AE94279DD3}.Debug|x86.ActiveCfg = Debug|x86
		{C71DED15-2635-455B-8160-06AE94279DD3}.Debug|x86.Build.0 = Debug|x86
		{C71DED15-2635-455B-8160-06AE94279DD3}.Release|ARM.ActiveCfg = Release|x86
		{C71DED15-2635-455B-8160-06AE94279DD3}.Release|ARM.Build.0 = Release|x86
		{C71DED15-2635-455B-8160-06AE94279DD3}.Release|ARM64.ActiveCfg = Release|ARM64
		{C71DED15-2635-455B-8160-06AE94279DD3}.Release|ARM64.Build.0 = Release|ARM64
		{C71DED15-2635-455B-8160-06AE94279DD3}.Release|Win32.ActiveCfg = Release|x86
		{C71DED15-2635-455B-8160-06AE94279DD3}.Release|Win32.Build.0 = Release|x86
		{C71DED15-2635-455B-8160-06AE94279DD3}.Release|x64.ActiveCfg = Release|x64
		{C71DED15-2635-455B-8160-06AE94279DD3}.Release|x64.Build.0 = Release|x64
		{C71DED15-2635-455B-8160-06AE94279DD3}.Release|Any CPU.ActiveCfg = Release|x86
		{C71DED15-2635-455B-8160-06AE94279DD3}.Release|Any CPU.Build.0 = Release|x86
		{C71DED15-2635-455B-8160-06AE94279DD3}.Release|x86.ActiveCfg = Release|x86
		{C71DED15-2635-455B-8160-06AE94279DD3}.Release|x86.Build.0 = Release|x86
		{13638106-2339-4609-AF0D-59D82BF6433F}.Debug|ARM.ActiveCfg = Debug|Any CPU
		{13638106-2339-4609-AF0D-59D82BF6433F}.Debug|ARM.Build.0 = Debug|Any CPU
		{13638106-2339-4609-AF0D-59D82BF6433F}.Debug|ARM64.ActiveCfg = Debug|Any CPU
		{13638106-2339-4609-AF0D-59D82BF6433F}.Debug|ARM64.Build.0 = Debug|Any CPU
		{13638106-2339-4609-AF0D-59D82BF6433F}.Debug|Win32.ActiveCfg = Debug|Any CPU
		{13638106-2339-4609-AF0D-59D82BF6433F}.Debug|Win32.Build.0 = Debug|Any CPU
		{13638106-2339-4609-AF0D-59D82BF6433F}.Debug|x64.ActiveCfg = Debug|Any CPU
		{13638106-2339-4609-AF0D-59D82BF6433F}.Debug|x64.Build.0 = Debug|Any CPU
		{13638106-2339-4609-AF0D-59D82BF6433F}.Debug|Any CPU.ActiveCfg = Debug|Any CPU
		{13638106-2339-4609-AF0D-59D82BF6433F}.Debug|Any CPU.Build.0 = Debug|Any CPU
		{13638106-2339-4609-AF0D-59D82BF6433F}.Debug|x86.ActiveCfg = Debug|Any CPU
		{13638106-2339-4609-AF0D-59D82BF6433F}.Debug|x86.Build.0 = Debug|Any CPU
		{13638106-2339-4609-AF0D-59D82BF6433F}.Release|ARM.ActiveCfg = Release|Any CPU
		{13638106-2339-4609-AF0D-59D82BF6433F}.Release|ARM.Build.0 = Release|Any CPU
		{13638106-2339-4609-AF0D-59D82BF6433F}.Release|ARM64.ActiveCfg = Release|Any CPU
		{13638106-2339-4609-AF0D-59D82BF6433F}.Release|ARM64.Build.0 = Release|Any CPU
		{13638106-2339-4609-AF0D-59D82BF6433F}.Release|Win32.ActiveCfg = Release|Any CPU
		{13638106-2339-4609-AF0D-59D82BF6433F}.Release|Win32.Build.0 = Release|Any CPU
		{13638106-2339-4609-AF0D-59D82BF6433F}.Release|x64.ActiveCfg = Release|Any CPU
		{13638106-2339-4609-AF0D-59D82BF6433F}.Release|x64.Build.0 = Release|Any CPU
		{13638106-2339-4609-AF0D-59D82BF6433F}.Release|Any CPU.ActiveCfg = Release|Any CPU
		{13638106-2339-4609-AF0D-59D82BF6433F}.Release|Any CPU.Build.0 = Release|Any CPU
		{13638106-2339-4609-AF0D-59D82BF6433F}.Release|x86.ActiveCfg = Release|Any CPU
		{13638106-2339-4609-AF0D-59D82BF6433F}.Release|x86.Build.0 = Release|Any CPU
		{5A51030B-EAF1-4E87-BBC0-DC1CCC870C28}.Debug|ARM.ActiveCfg = Debug|Any CPU
		{5A51030B-EAF1-4E87-BBC0-DC1CCC870C28}.Debug|ARM.Build.0 = Debug|Any CPU
		{5A51030B-EAF1-4E87-BBC0-DC1CCC870C28}.Debug|ARM64.ActiveCfg = Debug|Any CPU
		{5A51030B-EAF1-4E87-BBC0-DC1CCC870C28}.Debug|ARM64.Build.0 = Debug|Any CPU
		{5A51030B-EAF1-4E87-BBC0-DC1CCC870C28}.Debug|Win32.ActiveCfg = Debug|Any CPU
		{5A51030B-EAF1-4E87-BBC0-DC1CCC870C28}.Debug|Win32.Build.0 = Debug|Any CPU
		{5A51030B-EAF1-4E87-BBC0-DC1CCC870C28}.Debug|x64.ActiveCfg = Debug|Any CPU
		{5A51030B-EAF1-4E87-BBC0-DC1CCC870C28}.Debug|x64.Build.0 = Debug|Any CPU
		{5A51030B-EAF1-4E87-BBC0-DC1CCC870C28}.Debug|Any CPU.ActiveCfg = Debug|Any CPU
		{5A51030B-EAF1-4E87-BBC0-DC1CCC870C28}.Debug|Any CPU.Build.0 = Debug|Any CPU
		{5A51030B-EAF1-4E87-BBC0-DC1CCC870C28}.Debug|x86.ActiveCfg = Debug|Any CPU
		{5A51030B-EAF1-4E87-BBC0-DC1CCC870C28}.Debug|x86.Build.0 = Debug|Any CPU
		{5A51030B-EAF1-4E87-BBC0-DC1CCC870C28}.Release|ARM.ActiveCfg = Release|Any CPU
		{5A51030B-EAF1-4E87-BBC0-DC1CCC870C28}.Release|ARM.Build.0 = Release|Any CPU
		{5A51030B-EAF1-4E87-BBC0-DC1CCC870C28}.Release|ARM64.ActiveCfg = Release|Any CPU
		{5A51030B-EAF1-4E87-BBC0-DC1CCC870C28}.Release|ARM64.Build.0 = Release|Any CPU
		{5A51030B-EAF1-4E87-BBC0-DC1CCC870C28}.Release|Win32.ActiveCfg = Release|Any CPU
		{5A51030B-EAF1-4E87-BBC0-DC1CCC870C28}.Release|Win32.Build.0 = Release|Any CPU
		{5A51030B-EAF1-4E87-BBC0-DC1CCC870C28}.Release|x64.ActiveCfg = Release|Any CPU
		{5A51030B-EAF1-4E87-BBC0-DC1CCC870C28}.Release|x64.Build.0 = Release|Any CPU
		{5A51030B-EAF1-4E87-BBC0-DC1CCC870C28}.Release|Any CPU.ActiveCfg = Release|Any CPU
		{5A51030B-EAF1-4E87-BBC0-DC1CCC870C28}.Release|Any CPU.Build.0 = Release|Any CPU
		{5A51030B-EAF1-4E87-BBC0-DC1CCC870C28}.Release|x86.ActiveCfg = Release|Any CPU
		{5A51030B-EAF1-4E87-BBC0-DC1CCC870C28}.Release|x86.Build.0 = Release|Any CPU
		{D04880AC-682D-47E8-9417-2F2E4FCCA460}.Debug|ARM.ActiveCfg = Debug|x86
		{D04880AC-682D-47E8-9417-2F2E4FCCA460}.Debug|ARM.Build.0 = Debug|x86
		{D04880AC-682D-47E8-9417-2F2E4FCCA460}.Debug|ARM64.ActiveCfg = Debug|ARM64
		{D04880AC-682D-47E8-9417-2F2E4FCCA460}.Debug|ARM64.Build.0 = Debug|ARM64
		{D04880AC-682D-47E8-9417-2F2E4FCCA460}.Debug|Win32.ActiveCfg = Debug|x86
		{D04880AC-682D-47E8-9417-2F2E4FCCA460}.Debug|Win32.Build.0 = Debug|x86
		{D04880AC-682D-47E8-9417-2F2E4FCCA460}.Debug|x64.ActiveCfg = Debug|x64
		{D04880AC-682D-47E8-9417-2F2E4FCCA460}.Debug|x64.Build.0 = Debug|x64
		{D04880AC-682D-47E8-9417-2F2E4FCCA460}.Debug|Any CPU.ActiveCfg = Debug|x86
		{D04880AC-682D-47E8-9417-2F2E4FCCA460}.Debug|Any CPU.Build.0 = Debug|x86
		{D04880AC-682D-47E8-9417-2F2E4FCCA460}.Debug|x86.ActiveCfg = Debug|x86
		{D04880AC-682D-47E8-9417-2F2E4FCCA460}.Debug|x86.Build.0 = Debug|x86
		{D04880AC-682D-47E8-9417-2F2E4FCCA460}.Release|ARM.ActiveCfg = Release|x86
		{D04880AC-682D-47E8-9417-2F2E4FCCA460}.Release|ARM.Build.0 = Release|x86
		{D04880AC-682D-47E8-9417-2F2E4FCCA460}.Release|ARM64.ActiveCfg = Release|ARM64
		{D04880AC-682D-47E8-9417-2F2E4FCCA460}.Release|ARM64.Build.0 = Release|ARM64
		{D04880AC-682D-47E8-9417-2F2E4FCCA460}.Release|Win32.ActiveCfg = Release|x86
		{D04880AC-682D-47E8-9417-2F2E4FCCA460}.Release|Win32.Build.0 = Release|x86
		{D04880AC-682D-47E8-9417-2F2E4FCCA460}.Release|x64.ActiveCfg = Release|x64
		{D04880AC-682D-47E8-9417-2F2E4FCCA460}.Release|x64.Build.0 = Release|x64
		{D04880AC-682D-47E8-9417-2F2E4FCCA460}.Release|Any CPU.ActiveCfg = Release|x86
		{D04880AC-682D-47E8-9417-2F2E4FCCA460}.Release|Any CPU.Build.0 = Release|x86
		{D04880AC-682D-47E8-9417-2F2E4FCCA460}.Release|x86.ActiveCfg = Release|x86
		{D04880AC-682D-47E8-9417-2F2E4FCCA460}.Release|x86.Build.0 = Release|x86
		{395D0E47-165F-466F-BB5C-5C8589A05D4A}.Debug|ARM.ActiveCfg = Debug|x86
		{395D0E47-165F-466F-BB5C-5C8589A05D4A}.Debug|ARM.Build.0 = Debug|x86
		{395D0E47-165F-466F-BB5C-5C8589A05D4A}.Debug|ARM64.ActiveCfg = Debug|ARM64
		{395D0E47-165F-466F-BB5C-5C8589A05D4A}.Debug|ARM64.Build.0 = Debug|ARM64
		{395D0E47-165F-466F-BB5C-5C8589A05D4A}.Debug|Win32.ActiveCfg = Debug|x86
		{395D0E47-165F-466F-BB5C-5C8589A05D4A}.Debug|Win32.Build.0 = Debug|x86
		{395D0E47-165F-466F-BB5C-5C8589A05D4A}.Debug|x64.ActiveCfg = Debug|x64
		{395D0E47-165F-466F-BB5C-5C8589A05D4A}.Debug|x64.Build.0 = Debug|x64
		{395D0E47-165F-466F-BB5C-5C8589A05D4A}.Debug|Any CPU.ActiveCfg = Debug|x86
		{395D0E47-165F-466F-BB5C-5C8589A05D4A}.Debug|Any CPU.Build.0 = Debug|x86
		{395D0E47-165F-466F-BB5C-5C8589A05D4A}.Debug|x86.ActiveCfg = Debug|x86
		{395D0E47-165F-466F-BB5C-5C8589A05D4A}.Debug|x86.Build.0 = Debug|x86
		{395D0E47-165F-466F-BB5C-5C8589A05D4A}.Release|ARM.ActiveCfg = Release|x86
		{395D0E47-165F-466F-BB5C-5C8589A05D4A}.Release|ARM.Build.0 = Release|x86
		{395D0E47-165F-466F-BB5C-5C8589A05D4A}.Release|ARM64.ActiveCfg = Release|ARM64
		{395D0E47-165F-466F-BB5C-5C8589A05D4A}.Release|ARM64.Build.0 = Release|ARM64
		{395D0E47-165F-466F-BB5C-5C8589A05D4A}.Release|Win32.ActiveCfg = Release|x86
		{395D0E47-165F-466F-BB5C-5C8589A05D4A}.Release|Win32.Build.0 = Release|x86
		{395D0E47-165F-466F-BB5C-5C8589A05D4A}.Release|x64.ActiveCfg = Release|x64
		{395D0E47-165F-466F-BB5C-5C8589A05D4A}.Release|x64.Build.0 = Release|x64
		{395D0E47-165F-466F-BB5C-5C8589A05D4A}.Release|Any CPU.ActiveCfg = Release|x86
		{395D0E47-165F-466F-BB5C-5C8589A05D4A}.Release|Any CPU.Build.0 = Release|x86
		{395D0E47-165F-466F-BB5C-5C8589A05D4A}.Release|x86.ActiveCfg = Release|x86
		{395D0E47-165F-466F-BB5C-5C8589A05D4A}.Release|x86.Build.0 = Release|x86
		{C2CD4C42-7070-4B4F-A83B-13A58ECAA3BD}.Debug|ARM.ActiveCfg = Debug|Any CPU
		{C2CD4C42-7070-4B4F-A83B-13A58ECAA3BD}.Debug|ARM.Build.0 = Debug|Any CPU
		{C2CD4C42-7070-4B4F-A83B-13A58ECAA3BD}.Debug|ARM64.ActiveCfg = Debug|Any CPU
		{C2CD4C42-7070-4B4F-A83B-13A58ECAA3BD}.Debug|ARM64.Build.0 = Debug|Any CPU
		{C2CD4C42-7070-4B4F-A83B-13A58ECAA3BD}.Debug|Win32.ActiveCfg = Debug|Any CPU
		{C2CD4C42-7070-4B4F-A83B-13A58ECAA3BD}.Debug|Win32.Build.0 = Debug|Any CPU
		{C2CD4C42-7070-4B4F-A83B-13A58ECAA3BD}.Debug|x64.ActiveCfg = Debug|Any CPU
		{C2CD4C42-7070-4B4F-A83B-13A58ECAA3BD}.Debug|x64.Build.0 = Debug|Any CPU
		{C2CD4C42-7070-4B4F-A83B-13A58ECAA3BD}.Debug|Any CPU.ActiveCfg = Debug|Any CPU
		{C2CD4C42-7070-4B4F-A83B-13A58ECAA3BD}.Debug|Any CPU.Build.0 = Debug|Any CPU
		{C2CD4C42-7070-4B4F-A83B-13A58ECAA3BD}.Debug|x86.ActiveCfg = Debug|Any CPU
		{C2CD4C42-7070-4B4F-A83B-13A58ECAA3BD}.Debug|x86.Build.0 = Debug|Any CPU
		{C2CD4C42-7070-4B4F-A83B-13A58ECAA3BD}.Release|ARM.ActiveCfg = Release|Any CPU
		{C2CD4C42-7070-4B4F-A83B-13A58ECAA3BD}.Release|ARM.Build.0 = Release|Any CPU
		{C2CD4C42-7070-4B4F-A83B-13A58ECAA3BD}.Release|ARM64.ActiveCfg = Release|Any CPU
		{C2CD4C42-7070-4B4F-A83B-13A58ECAA3BD}.Release|ARM64.Build.0 = Release|Any CPU
		{C2CD4C42-7070-4B4F-A83B-13A58ECAA3BD}.Release|Win32.ActiveCfg = Release|Any CPU
		{C2CD4C42-7070-4B4F-A83B-13A58ECAA3BD}.Release|Win32.Build.0 = Release|Any CPU
		{C2CD4C42-7070-4B4F-A83B-13A58ECAA3BD}.Release|x64.ActiveCfg = Release|Any CPU
		{C2CD4C42-7070-4B4F-A83B-13A58ECAA3BD}.Release|x64.Build.0 = Release|Any CPU
		{C2CD4C42-7070-4B4F-A83B-13A58ECAA3BD}.Release|Any CPU.ActiveCfg = Release|Any CPU
		{C2CD4C42-7070-4B4F-A83B-13A58ECAA3BD}.Release|Any CPU.Build.0 = Release|Any CPU
		{C2CD4C42-7070-4B4F-A83B-13A58ECAA3BD}.Release|x86.ActiveCfg = Release|Any CPU
		{C2CD4C42-7070-4B4F-A83B-13A58ECAA3BD}.Release|x86.Build.0 = Release|Any CPU
																																																		{DD6CB8EF-5967-42D7-9B91-201A47F0002C}.Debug|ARM.ActiveCfg = Debug|Any CPU
		{DD6CB8EF-5967-42D7-9B91-201A47F0002C}.Debug|ARM.Build.0 = Debug|Any CPU
		{DD6CB8EF-5967-42D7-9B91-201A47F0002C}.Debug|ARM64.ActiveCfg = Debug|Any CPU
		{DD6CB8EF-5967-42D7-9B91-201A47F0002C}.Debug|ARM64.Build.0 = Debug|Any CPU
		{DD6CB8EF-5967-42D7-9B91-201A47F0002C}.Debug|Win32.ActiveCfg = Debug|Any CPU
		{DD6CB8EF-5967-42D7-9B91-201A47F0002C}.Debug|Win32.Build.0 = Debug|Any CPU
		{DD6CB8EF-5967-42D7-9B91-201A47F0002C}.Debug|x64.ActiveCfg = Debug|Any CPU
		{DD6CB8EF-5967-42D7-9B91-201A47F0002C}.Debug|x64.Build.0 = Debug|Any CPU
		{DD6CB8EF-5967-42D7-9B91-201A47F0002C}.Debug|Any CPU.ActiveCfg = Debug|Any CPU
		{DD6CB8EF-5967-42D7-9B91-201A47F0002C}.Debug|Any CPU.Build.0 = Debug|Any CPU
		{DD6CB8EF-5967-42D7-9B91-201A47F0002C}.Debug|x86.ActiveCfg = Debug|Any CPU
		{DD6CB8EF-5967-42D7-9B91-201A47F0002C}.Debug|x86.Build.0 = Debug|Any CPU
		{DD6CB8EF-5967-42D7-9B91-201A47F0002C}.Release|ARM.ActiveCfg = Release|Any CPU
		{DD6CB8EF-5967-42D7-9B91-201A47F0002C}.Release|ARM.Build.0 = Release|Any CPU
		{DD6CB8EF-5967-42D7-9B91-201A47F0002C}.Release|ARM64.ActiveCfg = Release|Any CPU
		{DD6CB8EF-5967-42D7-9B91-201A47F0002C}.Release|ARM64.Build.0 = Release|Any CPU
		{DD6CB8EF-5967-42D7-9B91-201A47F0002C}.Release|Win32.ActiveCfg = Release|Any CPU
		{DD6CB8EF-5967-42D7-9B91-201A47F0002C}.Release|Win32.Build.0 = Release|Any CPU
		{DD6CB8EF-5967-42D7-9B91-201A47F0002C}.Release|x64.ActiveCfg = Release|Any CPU
		{DD6CB8EF-5967-42D7-9B91-201A47F0002C}.Release|x64.Build.0 = Release|Any CPU
		{DD6CB8EF-5967-42D7-9B91-201A47F0002C}.Release|Any CPU.ActiveCfg = Release|Any CPU
		{DD6CB8EF-5967-42D7-9B91-201A47F0002C}.Release|Any CPU.Build.0 = Release|Any CPU
		{DD6CB8EF-5967-42D7-9B91-201A47F0002C}.Release|x86.ActiveCfg = Release|Any CPU
		{DD6CB8EF-5967-42D7-9B91-201A47F0002C}.Release|x86.Build.0 = Release|Any CPU
		{7657FDA0-CBB3-4C88-91C4-0DFCF575323F}.Debug|ARM.ActiveCfg = Debug|Any CPU
		{7657FDA0-CBB3-4C88-91C4-0DFCF575323F}.Debug|ARM.Build.0 = Debug|Any CPU
		{7657FDA0-CBB3-4C88-91C4-0DFCF575323F}.Debug|ARM64.ActiveCfg = Debug|Any CPU
		{7657FDA0-CBB3-4C88-91C4-0DFCF575323F}.Debug|ARM64.Build.0 = Debug|Any CPU
		{7657FDA0-CBB3-4C88-91C4-0DFCF575323F}.Debug|Win32.ActiveCfg = Debug|Any CPU
		{7657FDA0-CBB3-4C88-91C4-0DFCF575323F}.Debug|Win32.Build.0 = Debug|Any CPU
		{7657FDA0-CBB3-4C88-91C4-0DFCF575323F}.Debug|x64.ActiveCfg = Debug|Any CPU
		{7657FDA0-CBB3-4C88-91C4-0DFCF575323F}.Debug|x64.Build.0 = Debug|Any CPU
		{7657FDA0-CBB3-4C88-91C4-0DFCF575323F}.Debug|Any CPU.ActiveCfg = Debug|Any CPU
		{7657FDA0-CBB3-4C88-91C4-0DFCF575323F}.Debug|Any CPU.Build.0 = Debug|Any CPU
		{7657FDA0-CBB3-4C88-91C4-0DFCF575323F}.Debug|x86.ActiveCfg = Debug|Any CPU
		{7657FDA0-CBB3-4C88-91C4-0DFCF575323F}.Debug|x86.Build.0 = Debug|Any CPU
		{7657FDA0-CBB3-4C88-91C4-0DFCF575323F}.Release|ARM.ActiveCfg = Release|Any CPU
		{7657FDA0-CBB3-4C88-91C4-0DFCF575323F}.Release|ARM.Build.0 = Release|Any CPU
		{7657FDA0-CBB3-4C88-91C4-0DFCF575323F}.Release|ARM64.ActiveCfg = Release|Any CPU
		{7657FDA0-CBB3-4C88-91C4-0DFCF575323F}.Release|ARM64.Build.0 = Release|Any CPU
		{7657FDA0-CBB3-4C88-91C4-0DFCF575323F}.Release|Win32.ActiveCfg = Release|Any CPU
		{7657FDA0-CBB3-4C88-91C4-0DFCF575323F}.Release|Win32.Build.0 = Release|Any CPU
		{7657FDA0-CBB3-4C88-91C4-0DFCF575323F}.Release|x64.ActiveCfg = Release|Any CPU
		{7657FDA0-CBB3-4C88-91C4-0DFCF575323F}.Release|x64.Build.0 = Release|Any CPU
		{7657FDA0-CBB3-4C88-91C4-0DFCF575323F}.Release|Any CPU.ActiveCfg = Release|Any CPU
		{7657FDA0-CBB3-4C88-91C4-0DFCF575323F}.Release|Any CPU.Build.0 = Release|Any CPU
		{7657FDA0-CBB3-4C88-91C4-0DFCF575323F}.Release|x86.ActiveCfg = Release|Any CPU
		{7657FDA0-CBB3-4C88-91C4-0DFCF575323F}.Release|x86.Build.0 = Release|Any CPU
{D04CC430-6DA3-4A6D-A527-E35D912C2C45}.Debug|ARM.ActiveCfg = Debug|Any CPU
{CD7EDEB7-7F44-4008-9830-5C825523BA7C}.Debug|ARM.ActiveCfg = Debug|Any CPU
{D04CC430-6DA3-4A6D-A527-E35D912C2C45}.Debug|ARM.Build.0 = Debug|Any CPU
{CD7EDEB7-7F44-4008-9830-5C825523BA7C}.Debug|ARM.Build.0 = Debug|Any CPU
{D04CC430-6DA3-4A6D-A527-E35D912C2C45}.Debug|ARM64.ActiveCfg = Debug|Any CPU
{CD7EDEB7-7F44-4008-9830-5C825523BA7C}.Debug|ARM64.ActiveCfg = Debug|Any CPU
{D04CC430-6DA3-4A6D-A527-E35D912C2C45}.Debug|ARM64.Build.0 = Debug|Any CPU
{CD7EDEB7-7F44-4008-9830-5C825523BA7C}.Debug|ARM64.Build.0 = Debug|Any CPU
{D04CC430-6DA3-4A6D-A527-E35D912C2C45}.Debug|Win32.ActiveCfg = Debug|Any CPU
{CD7EDEB7-7F44-4008-9830-5C825523BA7C}.Debug|Win32.ActiveCfg = Debug|Any CPU
{D04CC430-6DA3-4A6D-A527-E35D912C2C45}.Debug|Win32.Build.0 = Debug|Any CPU
{CD7EDEB7-7F44-4008-9830-5C825523BA7C}.Debug|Win32.Build.0 = Debug|Any CPU
{D04CC430-6DA3-4A6D-A527-E35D912C2C45}.Debug|x64.ActiveCfg = Debug|Any CPU
{CD7EDEB7-7F44-4008-9830-5C825523BA7C}.Debug|x64.ActiveCfg = Debug|Any CPU
{D04CC430-6DA3-4A6D-A527-E35D912C2C45}.Debug|x64.Build.0 = Debug|Any CPU
{CD7EDEB7-7F44-4008-9830-5C825523BA7C}.Debug|x64.Build.0 = Debug|Any CPU
{D04CC430-6DA3-4A6D-A527-E35D912C2C45}.Debug|Any CPU.ActiveCfg = Debug|Any CPU
{CD7EDEB7-7F44-4008-9830-5C825523BA7C}.Debug|Any CPU.ActiveCfg = Debug|Any CPU
{D04CC430-6DA3-4A6D-A527-E35D912C2C45}.Debug|Any CPU.Build.0 = Debug|Any CPU
{CD7EDEB7-7F44-4008-9830-5C825523BA7C}.Debug|Any CPU.Build.0 = Debug|Any CPU
{D04CC430-6DA3-4A6D-A527-E35D912C2C45}.Debug|x86.ActiveCfg = Debug|Any CPU
{CD7EDEB7-7F44-4008-9830-5C825523BA7C}.Debug|x86.ActiveCfg = Debug|Any CPU
{D04CC430-6DA3-4A6D-A527-E35D912C2C45}.Debug|x86.Build.0 = Debug|Any CPU
{CD7EDEB7-7F44-4008-9830-5C825523BA7C}.Debug|x86.Build.0 = Debug|Any CPU
{D04CC430-6DA3-4A6D-A527-E35D912C2C45}.Release|ARM.ActiveCfg = Release|Any CPU
{CD7EDEB7-7F44-4008-9830-5C825523BA7C}.Release|ARM.ActiveCfg = Release|Any CPU
{D04CC430-6DA3-4A6D-A527-E35D912C2C45}.Release|ARM.Build.0 = Release|Any CPU
{CD7EDEB7-7F44-4008-9830-5C825523BA7C}.Release|ARM.Build.0 = Release|Any CPU
{D04CC430-6DA3-4A6D-A527-E35D912C2C45}.Release|ARM64.ActiveCfg = Release|Any CPU
{CD7EDEB7-7F44-4008-9830-5C825523BA7C}.Release|ARM64.ActiveCfg = Release|Any CPU
{D04CC430-6DA3-4A6D-A527-E35D912C2C45}.Release|ARM64.Build.0 = Release|Any CPU
{CD7EDEB7-7F44-4008-9830-5C825523BA7C}.Release|ARM64.Build.0 = Release|Any CPU
{D04CC430-6DA3-4A6D-A527-E35D912C2C45}.Release|Win32.ActiveCfg = Release|Any CPU
{CD7EDEB7-7F44-4008-9830-5C825523BA7C}.Release|Win32.ActiveCfg = Release|Any CPU
{D04CC430-6DA3-4A6D-A527-E35D912C2C45}.Release|Win32.Build.0 = Release|Any CPU
{CD7EDEB7-7F44-4008-9830-5C825523BA7C}.Release|Win32.Build.0 = Release|Any CPU
{D04CC430-6DA3-4A6D-A527-E35D912C2C45}.Release|x64.ActiveCfg = Release|Any CPU
{CD7EDEB7-7F44-4008-9830-5C825523BA7C}.Release|x64.ActiveCfg = Release|Any CPU
{D04CC430-6DA3-4A6D-A527-E35D912C2C45}.Release|x64.Build.0 = Release|Any CPU
{CD7EDEB7-7F44-4008-9830-5C825523BA7C}.Release|x64.Build.0 = Release|Any CPU
{D04CC430-6DA3-4A6D-A527-E35D912C2C45}.Release|Any CPU.ActiveCfg = Release|Any CPU
{CD7EDEB7-7F44-4008-9830-5C825523BA7C}.Release|Any CPU.ActiveCfg = Release|Any CPU
{D04CC430-6DA3-4A6D-A527-E35D912C2C45}.Release|Any CPU.Build.0 = Release|Any CPU
{CD7EDEB7-7F44-4008-9830-5C825523BA7C}.Release|Any CPU.Build.0 = Release|Any CPU
{D04CC430-6DA3-4A6D-A527-E35D912C2C45}.Release|x86.ActiveCfg = Release|Any CPU
{CD7EDEB7-7F44-4008-9830-5C825523BA7C}.Release|x86.ActiveCfg = Release|Any CPU
{D04CC430-6DA3-4A6D-A527-E35D912C2C45}.Release|x86.Build.0 = Release|Any CPU
{CD7EDEB7-7F44-4008-9830-5C825523BA7C}.Release|x86.Build.0 = Release|Any CPU
	EndGlobalSection
	GlobalSection(SolutionProperties) = preSolution
		HideSolutionNode = FALSE
	EndGlobalSection
	GlobalSection(NestedProjects) = preSolution
		{A6620E89-5360-4E2D-AC75-079E7BF56C6A} = {F5B17283-1A90-BB27-80ED-CD85235CDCEA}
		{3D428689-A134-43E0-9F99-B0D4F1B6E60E} = {0AB3BF05-4346-4AA6-1389-037BE0695223}
		{C8EB6E5A-F99B-435F-8FFA-947E09E788F5} = {0AB3BF05-4346-4AA6-1389-037BE0695223}
		{6A815EDE-E0EB-44B2-BA14-012280F88E88} = {0AB3BF05-4346-4AA6-1389-037BE0695223}
	EndGlobalSection
	GlobalSection(ExtensibilityGlobals) = postSolution
		SolutionGuid = {D4E5F6A7-B8C9-0123-DEFA-234567890123}
	EndGlobalSection
EndGlobal
